
Microsoft Visual Studio Solution File, Format Version 12.00
# Visual Studio Version 16
VisualStudioVersion = 16.0.31624.102
MinimumVisualStudioVersion = 10.0.40219.1
Project("{2150E333-8FDC-42A3-9474-1A3956D46DE8}") = "src", "src", "{20A41955-6FD5-4691-8538-6B5E8B9FA33A}"
EndProject
Project("{2150E333-8FDC-42A3-9474-1A3956D46DE8}") = "tests", "tests", "{8836DE5C-03A6-4DC5-A05C-287B12614B24}"
EndProject
Project("{FAE04EC0-301F-11D3-BF4B-00C04F79EFBC}") = "ACME.Tests", "ACME.Tests\ACME.Tests.csproj", "{8FA5E83E-3A54-4560-93EC-D517C59CA116}"
EndProject
Project("{FAE04EC0-301F-11D3-BF4B-00C04F79EFBC}") = "ACME.ConsoleApp", "ACME.ConsoleApp\ACME.ConsoleApp.csproj", "{E7339E2C-1983-4632-8267-A19C03D8DE0C}"
EndProject
Project("{FAE04EC0-301F-11D3-BF4B-00C04F79EFBC}") = "ACME.Services", "ACME.Services\ACME.Services.csproj", "{AD05B14B-65FE-4143-8BF6-6AA973794308}"
EndProject
Project("{FAE04EC0-301F-11D3-BF4B-00C04F79EFBC}") = "ACME.Business.Logic", "ACME.Business.Logic\ACME.Business.Logic.csproj", "{1CAA83A8-FCDE-4D8A-80F5-CDB8EB6ADF2F}"
EndProject
Project("{FAE04EC0-301F-11D3-BF4B-00C04F79EFBC}") = "ACME.Persistence", "ACME.Business.Entities\ACME.Persistence.csproj", "{40DDB4E5-3D36-4721-95DE-30E1542DF92A}"
EndProject
Global
	GlobalSection(SolutionConfigurationPlatforms) = preSolution
		Debug|Any CPU = Debug|Any CPU
		Release|Any CPU = Release|Any CPU
	EndGlobalSection
	GlobalSection(ProjectConfigurationPlatforms) = postSolution
		{8FA5E83E-3A54-4560-93EC-D517C59CA116}.Debug|Any CPU.ActiveCfg = Debug|Any CPU
		{8FA5E83E-3A54-4560-93EC-D517C59CA116}.Debug|Any CPU.Build.0 = Debug|Any CPU
		{8FA5E83E-3A54-4560-93EC-D517C59CA116}.Release|Any CPU.ActiveCfg = Release|Any CPU
		{8FA5E83E-3A54-4560-93EC-D517C59CA116}.Release|Any CPU.Build.0 = Release|Any CPU
		{E7339E2C-1983-4632-8267-A19C03D8DE0C}.Debug|Any CPU.ActiveCfg = Debug|Any CPU
		{E7339E2C-1983-4632-8267-A19C03D8DE0C}.Debug|Any CPU.Build.0 = Debug|Any CPU
		{E7339E2C-1983-4632-8267-A19C03D8DE0C}.Release|Any CPU.ActiveCfg = Release|Any CPU
		{E7339E2C-1983-4632-8267-A19C03D8DE0C}.Release|Any CPU.Build.0 = Release|Any CPU
		{AD05B14B-65FE-4143-8BF6-6AA973794308}.Debug|Any CPU.ActiveCfg = Debug|Any CPU
		{AD05B14B-65FE-4143-8BF6-6AA973794308}.Debug|Any CPU.Build.0 = Debug|Any CPU
		{AD05B14B-65FE-4143-8BF6-6AA973794308}.Release|Any CPU.ActiveCfg = Release|Any CPU
		{AD05B14B-65FE-4143-8BF6-6AA973794308}.Release|Any CPU.Build.0 = Release|Any CPU
		{1CAA83A8-FCDE-4D8A-80F5-CDB8EB6ADF2F}.Debug|Any CPU.ActiveCfg = Debug|Any CPU
		{1CAA83A8-FCDE-4D8A-80F5-CDB8EB6ADF2F}.Debug|Any CPU.Build.0 = Debug|Any CPU
		{1CAA83A8-FCDE-4D8A-80F5-CDB8EB6ADF2F}.Release|Any CPU.ActiveCfg = Release|Any CPU
		{1CAA83A8-FCDE-4D8A-80F5-CDB8EB6ADF2F}.Release|Any CPU.Build.0 = Release|Any CPU
		{40DDB4E5-3D36-4721-95DE-30E1542DF92A}.Debug|Any CPU.ActiveCfg = Debug|Any CPU
		{40DDB4E5-3D36-4721-95DE-30E1542DF92A}.Debug|Any CPU.Build.0 = Debug|Any CPU
		{40DDB4E5-3D36-4721-95DE-30E1542DF92A}.Release|Any CPU.ActiveCfg = Release|Any CPU
		{40DDB4E5-3D36-4721-95DE-30E1542DF92A}.Release|Any CPU.Build.0 = Release|Any CPU
	EndGlobalSection
	GlobalSection(SolutionProperties) = preSolution
		HideSolutionNode = FALSE
	EndGlobalSection
	GlobalSection(NestedProjects) = preSolution
		{8FA5E83E-3A54-4560-93EC-D517C59CA116} = {8836DE5C-03A6-4DC5-A05C-287B12614B24}
		{E7339E2C-1983-4632-8267-A19C03D8DE0C} = {20A41955-6FD5-4691-8538-6B5E8B9FA33A}
		{AD05B14B-65FE-4143-8BF6-6AA973794308} = {20A41955-6FD5-4691-8538-6B5E8B9FA33A}
		{1CAA83A8-FCDE-4D8A-80F5-CDB8EB6ADF2F} = {20A41955-6FD5-4691-8538-6B5E8B9FA33A}
		{40DDB4E5-3D36-4721-95DE-30E1542DF92A} = {20A41955-6FD5-4691-8538-6B5E8B9FA33A}
	EndGlobalSection
	GlobalSection(ExtensibilityGlobals) = postSolution
		SolutionGuid = {322F3086-3857-41C2-9606-D8042AE7024B}
	EndGlobalSection
EndGlobal
